// !$*UTF8*$!
{
	archiveVersion = 1;
	classes = {
	};
	objectVersion = 46;
	objects = {

/* Begin PBXBuildFile section */
		CECFBC241CACA56E00A09917 /* AppDelegate.swift in Sources */ = {isa = PBXBuildFile; fileRef = CECFBC231CACA56E00A09917 /* AppDelegate.swift */; };
		CECFBC261CACA56E00A09917 /* ViewController.swift in Sources */ = {isa = PBXBuildFile; fileRef = CECFBC251CACA56E00A09917 /* ViewController.swift */; };
		CECFBC291CACA56E00A09917 /* Main.storyboard in Resources */ = {isa = PBXBuildFile; fileRef = CECFBC271CACA56E00A09917 /* Main.storyboard */; };
		CECFBC2B1CACA56E00A09917 /* Assets.xcassets in Resources */ = {isa = PBXBuildFile; fileRef = CECFBC2A1CACA56E00A09917 /* Assets.xcassets */; };
		CECFBC2E1CACA56E00A09917 /* LaunchScreen.storyboard in Resources */ = {isa = PBXBuildFile; fileRef = CECFBC2C1CACA56E00A09917 /* LaunchScreen.storyboard */; };
/* End PBXBuildFile section */

/* Begin PBXFileReference section */
		CECFBC201CACA56E00A09917 /* TheMultilingualApp.app */ = {isa = PBXFileReference; explicitFileType = wrapper.application; includeInIndex = 0; path = TheMultilingualApp.app; sourceTree = BUILT_PRODUCTS_DIR; };
		CECFBC231CACA56E00A09917 /* AppDelegate.swift */ = {isa = PBXFileReference; lastKnownFileType = sourcecode.swift; path = AppDelegate.swift; sourceTree = "<group>"; };
		CECFBC251CACA56E00A09917 /* ViewController.swift */ = {isa = PBXFileReference; lastKnownFileType = sourcecode.swift; path = ViewController.swift; sourceTree = "<group>"; };
		CECFBC281CACA56E00A09917 /* Base */ = {isa = PBXFileReference; lastKnownFileType = file.storyboard; name = Base; path = Base.lproj/Main.storyboard; sourceTree = "<group>"; };
		CECFBC2A1CACA56E00A09917 /* Assets.xcassets */ = {isa = PBXFileReference; lastKnownFileType = folder.assetcatalog; path = Assets.xcassets; sourceTree = "<group>"; };
		CECFBC2D1CACA56E00A09917 /* Base */ = {isa = PBXFileReference; lastKnownFileType = file.storyboard; name = Base; path = Base.lproj/LaunchScreen.storyboard; sourceTree = "<group>"; };
		CECFBC2F1CACA56E00A09917 /* Info.plist */ = {isa = PBXFileReference; lastKnownFileType = text.plist.xml; path = Info.plist; sourceTree = "<group>"; };
/* End PBXFileReference section */

/* Begin PBXFrameworksBuildPhase section */
		CECFBC1D1CACA56E00A09917 /* Frameworks */ = {
			isa = PBXFrameworksBuildPhase;
			buildActionMask = 2147483647;
			files = (
			);
			runOnlyForDeploymentPostprocessing = 0;
		};
/* End PBXFrameworksBuildPhase section */

/* Begin PBXGroup section */
		CECFBC171CACA56E00A09917 = {
			isa = PBXGroup;
			children = (
				CECFBC221CACA56E00A09917 /* TheMultilingualApp */,
				CECFBC211CACA56E00A09917 /* Products */,
			);
			sourceTree = "<group>";
		};
		CECFBC211CACA56E00A09917 /* Products */ = {
			isa = PBXGroup;
			children = (
				CECFBC201CACA56E00A09917 /* TheMultilingualApp.app */,
			);
			name = Products;
			sourceTree = "<group>";
		};
		CECFBC221CACA56E00A09917 /* TheMultilingualApp */ = {
			isa = PBXGroup;
			children = (
				CECFBC231CACA56E00A09917 /* AppDelegate.swift */,
				CECFBC251CACA56E00A09917 /* ViewController.swift */,
				CECFBC271CACA56E00A09917 /* Main.storyboard */,
				CECFBC2A1CACA56E00A09917 /* Assets.xcassets */,
				CECFBC2C1CACA56E00A09917 /* LaunchScreen.storyboard */,
				CECFBC2F1CACA56E00A09917 /* Info.plist */,
			);
			path = TheMultilingualApp;
			sourceTree = "<group>";
		};
/* End PBXGroup section */

/* Begin PBXNativeTarget section */
		CECFBC1F1CACA56E00A09917 /* TheMultilingualApp */ = {
			isa = PBXNativeTarget;
			buildConfigurationList = CECFBC321CACA56E00A09917 /* Build configuration list for PBXNativeTarget "TheMultilingualApp" */;
			buildPhases = (
				CECFBC1C1CACA56E00A09917 /* Sources */,
				CECFBC1D1CACA56E00A09917 /* Frameworks */,
				CECFBC1E1CACA56E00A09917 /* Resources */,
			);
			buildRules = (
			);
			dependencies = (
			);
			name = TheMultilingualApp;
			productName = TheMultilingualApp;
			productReference = CECFBC201CACA56E00A09917 /* TheMultilingualApp.app */;
			productType = "com.apple.product-type.application";
		};
/* End PBXNativeTarget section */

/* Begin PBXProject section */
		CECFBC181CACA56E00A09917 /* Project object */ = {
			isa = PBXProject;
			attributes = {
				LastSwiftUpdateCheck = 0720;
				LastUpgradeCheck = 0720;
				ORGANIZATIONNAME = "Nokhwal,Sahil";
				TargetAttributes = {
					CECFBC1F1CACA56E00A09917 = {
						CreatedOnToolsVersion = 7.2;
					};
				};
			};
			buildConfigurationList = CECFBC1B1CACA56E00A09917 /* Build configuration list for PBXProject "TheMultilingualApp" */;
			compatibilityVersion = "Xcode 3.2";
			developmentRegion = English;
			hasScannedForEncodings = 0;
			knownRegions = (
				en,
				Base,
			);
			mainGroup = CECFBC171CACA56E00A09917;
			productRefGroup = CECFBC211CACA56E00A09917 /* Products */;
			projectDirPath = "";
			projectRoot = "";
			targets = (
				CECFBC1F1CACA56E00A09917 /* TheMultilingualApp */,
			);
		};
/* End PBXProject section */

/* Begin PBXResourcesBuildPhase section */
		CECFBC1E1CACA56E00A09917 /* Resources */ = {
			isa = PBXResourcesBuildPhase;
			buildActionMask = 2147483647;
			files = (
				CECFBC2E1CACA56E00A09917 /* LaunchScreen.storyboard in Resources */,
				CECFBC2B1CACA56E00A09917 /* Assets.xcassets in Resources */,
				CECFBC291CACA56E00A09917 /* Main.storyboard in Resources */,
			);
			runOnlyForDeploymentPostprocessing = 0;
		};
/* End PBXResourcesBuildPhase section */

/* Begin PBXSourcesBuildPhase section */
		CECFBC1C1CACA56E00A09917 /* Sources */ = {
			isa = PBXSourcesBuildPhase;
			buildActionMask = 2147483647;
			files = (
				CECFBC261CACA56E00A09917 /* ViewController.swift in Sources */,
				CECFBC241CACA56E00A09917 /* AppDelegate.swift in Sources */,
			);
			runOnlyForDeploymentPostprocessing = 0;
		};
/* End PBXSourcesBuildPhase section */

/* Begin PBXVariantGroup section */
		CECFBC271CACA56E00A09917 /* Main.storyboard */ = {
			isa = PBXVariantGroup;
			children = (
				CECFBC281CACA56E00A09917 /* Base */,
			);
			name = Main.storyboard;
			sourceTree = "<group>";
		};
		CECFBC2C1CACA56E00A09917 /* LaunchScreen.storyboard */ = {
			isa = PBXVariantGroup;
			children = (
				CECFBC2D1CACA56E00A09917 /* Base */,
			);
			name = LaunchScreen.storyboard;
			sourceTree = "<group>";
		};
/* End PBXVariantGroup section */

/* Begin XCBuildConfiguration section */
		CECFBC301CACA56E00A09917 /* Debug */ = {
			isa = XCBuildConfiguration;
			buildSettings = {
				ALWAYS_SEARCH_USER_PATHS = NO;
				CLANG_CXX_LANGUAGE_STANDARD = "gnu++0x";
				CLANG_CXX_LIBRARY = "libc++";
				CLANG_ENABLE_MODULES = YES;
				CLANG_ENABLE_OBJC_ARC = YES;
				CLANG_WARN_BOOL_CONVERSION = YES;
				CLANG_WARN_CONSTANT_CONVERSION = YES;
				CLANG_WARN_DIRECT_OBJC_ISA_USAGE = YES_ERROR;
				CLANG_WARN_EMPTY_BODY = YES;
				CLANG_WARN_ENUM_CONVERSION = YES;
				CLANG_WARN_INT_CONVERSION = YES;
				CLANG_WARN_OBJC_ROOT_CLASS = YES_ERROR;
				CLANG_WARN_UNREACHABLE_CODE = YES;
				CLANG_WARN__DUPLICATE_METHOD_MATCH = YES;
				"CODE_SIGN_IDENTITY[sdk=iphoneos*]" = "iPhone Developer";
				COPY_PHASE_STRIP = NO;
				DEBUG_INFORMATION_FORMAT = dwarf;
				ENABLE_STRICT_OBJC_MSGSEND = YES;
				ENABLE_TESTABILITY = YES;
				GCC_C_LANGUAGE_STANDARD = gnu99;
				GCC_DYNAMIC_NO_PIC = NO;
				GCC_NO_COMMON_BLOCKS = YES;
				GCC_OPTIMIZATION_LEVEL = 0;
				GCC_PREPROCESSOR_DEFINITIONS = (
					"DEBUG=1",
					"$(inherited)",
				);
				GCC_WARN_64_TO_32_BIT_CONVERSION = YES;
				GCC_WARN_ABOUT_RETURN_TYPE = YES_ERROR;
				GCC_WARN_UNDECLARED_SELECTOR = YES;
				GCC_WARN_UNINITIALIZED_AUTOS = YES_AGGRESSIVE;
				GCC_WARN_UNUSED_FUNCTION = YES;
				GCC_WARN_UNUSED_VARIABLE = YES;
				IPHONEOS_DEPLOYMENT_TARGET = 9.2;
				MTL_ENABLE_DEBUG_INFO = YES;
				ONLY_ACTIVE_ARCH = YES;
				SDKROOT = iphoneos;
				SWIFT_OPTIMIZATION_LEVEL = "-Onone";
			};
			name = Debug;
		};
		CECFBC311CACA56E00A09917 /* Release */ = {
			isa = XCBuildConfiguration;
			buildSettings = {
				ALWAYS_SEARCH_USER_PATHS = NO;
				CLANG_CXX_LANGUAGE_STANDARD = "gnu++0x";
				CLANG_CXX_LIBRARY = "libc++";
				CLANG_ENABLE_MODULES = YES;
				CLANG_ENABLE_OBJC_ARC = YES;
				CLANG_WARN_BOOL_CONVERSION = YES;
				CLANG_WARN_CONSTANT_CONVERSION = YES;
				CLANG_WARN_DIRECT_OBJC_ISA_USAGE = YES_ERROR;
				CLANG_WARN_EMPTY_BODY = YES;
				CLANG_WARN_ENUM_CONVERSION = YES;
				CLANG_WARN_INT_CONVERSION = YES;
				CLANG_WARN_OBJC_ROOT_CLASS = YES_ERROR;
				CLANG_WARN_UNREACHABLE_CODE = YES;
				CLANG_WARN__DUPLICATE_METHOD_MATCH = YES;
				"CODE_SIGN_IDENTITY[sdk=iphoneos*]" = "iPhone Developer";
				COPY_PHASE_STRIP = NO;
				DEBUG_INFORMATION_FORMAT = "dwarf-with-dsym";
				ENABLE_NS_ASSERTIONS = NO;
				ENABLE_STRICT_OBJC_MSGSEND = YES;
				GCC_C_LANGUAGE_STANDARD = gnu99;
				GCC_NO_COMMON_BLOCKS = YES;
				GCC_WARN_64_TO_32_BIT_CONVERSION = YES;
				GCC_WARN_ABOUT_RETURN_TYPE = YES_ERROR;
				GCC_WARN_UNDECLARED_SELECTOR = YES;
				GCC_WARN_UNINITIALIZED_AUTOS = YES_AGGRESSIVE;
				GCC_WARN_UNUSED_FUNCTION = YES;
				GCC_WARN_UNUSED_VARIABLE = YES;
				IPHONEOS_DEPLOYMENT_TARGET = 9.2;
				MTL_ENABLE_DEBUG_INFO = NO;
				SDKROOT = iphoneos;
				VALIDATE_PRODUCT = YES;
			};
			name = Release;
		};
		CECFBC331CACA56E00A09917 /* Debug */ = {
			isa = XCBuildConfiguration;
			buildSettings = {
				ASSETCATALOG_COMPILER_APPICON_NAME = AppIcon;
				INFOPLIST_FILE = TheMultilingualApp/Info.plist;
				LD_RUNPATH_SEARCH_PATHS = "$(inherited) @executable_path/Frameworks";
				PRODUCT_BUNDLE_IDENTIFIER = nw.TheMultilingualApp;
				PRODUCT_NAME = "$(TARGET_NAME)";
			};
			name = Debug;
		};
		CECFBC341CACA56E00A09917 /* Release */ = {
			isa = XCBuildConfiguration;
			buildSettings = {
				ASSETCATALOG_COMPILER_APPICON_NAME = AppIcon;
				INFOPLIST_FILE = TheMultilingualApp/Info.plist;
				LD_RUNPATH_SEARCH_PATHS = "$(inherited) @executable_path/Frameworks";
				PRODUCT_BUNDLE_IDENTIFIER = nw.TheMultilingualApp;
				PRODUCT_NAME = "$(TARGET_NAME)";
			};
			name = Release;
		};
/* End XCBuildConfiguration section */

/* Begin XCConfigurationList section */
		CECFBC1B1CACA56E00A09917 /* Build configuration list for PBXProject "TheMultilingualApp" */ = {
			isa = XCConfigurationList;
			buildConfigurations = (
				CECFBC301CACA56E00A09917 /* Debug */,
				CECFBC311CACA56E00A09917 /* Release */,
			);
			defaultConfigurationIsVisible = 0;
			defaultConfigurationName = Release;
		};
		CECFBC321CACA56E00A09917 /* Build configuration list for PBXNativeTarget "TheMultilingualApp" */ = {
			isa = XCConfigurationList;
			buildConfigurations = (
				CECFBC331CACA56E00A09917 /* Debug */,
				CECFBC341CACA56E00A09917 /* Release */,
			);
			defaultConfigurationIsVisible = 0;
		};
/* End XCConfigurationList section */
	};
	rootObject = CECFBC181CACA56E00A09917 /* Project object */;
}
